
Microsoft Visual Studio Solution File, Format Version 12.00
# Visual Studio Version 17
VisualStudioVersion = 17.9.34622.214
MinimumVisualStudioVersion = 10.0.40219.1
Project("{FAE04EC0-301F-11D3-BF4B-00C04F79EFBC}") = "==Robot==", "==Robot==\==Robot==.csproj", "{023996B2-C7A7-47A0-AB02-CEC2C1C21246}"
EndProject
Global
	GlobalSection(SolutionConfigurationPlatforms) = preSolution
		Debug|Any CPU = Debug|Any CPU
		Release|Any CPU = Release|Any CPU
	EndGlobalSection
	GlobalSection(ProjectConfigurationPlatforms) = postSolution
		{023996B2-C7A7-47A0-AB02-CEC2C1C21246}.Debug|Any CPU.ActiveCfg = Debug|Any CPU
		{023996B2-C7A7-47A0-AB02-CEC2C1C21246}.Debug|Any CPU.Build.0 = Debug|Any CPU
		{023996B2-C7A7-47A0-AB02-CEC2C1C21246}.Release|Any CPU.ActiveCfg = Release|Any CPU
		{023996B2-C7A7-47A0-AB02-CEC2C1C21246}.Release|Any CPU.Build.0 = Release|Any CPU
	EndGlobalSection
	GlobalSection(SolutionProperties) = preSolution
		HideSolutionNode = FALSE
	EndGlobalSection
	GlobalSection(ExtensibilityGlobals) = postSolution
		SolutionGuid = {0A95B9D0-6A06-40EE-9E68-FA1F606B184B}
	EndGlobalSection
EndGlobal
